
Microsoft Visual Studio Solution File, Format Version 12.00
# Visual Studio 14
VisualStudioVersion = 14.0.25420.1
MinimumVisualStudioVersion = 10.0.40219.1
Project("{FAE04EC0-301F-11D3-BF4B-00C04F79EFBC}") = "Assignment_satyasir", "Assignment_satyasir\Assignment_satyasir.csproj", "{C4DD95F0-EB58-4415-B02A-6132ECF9495B}"
EndProject
Global
	GlobalSection(SolutionConfigurationPlatforms) = preSolution
		Debug|Any CPU = Debug|Any CPU
		Release|Any CPU = Release|Any CPU
	EndGlobalSection
	GlobalSection(ProjectConfigurationPlatforms) = postSolution
		{C4DD95F0-EB58-4415-B02A-6132ECF9495B}.Debug|Any CPU.ActiveCfg = Debug|Any CPU
		{C4DD95F0-EB58-4415-B02A-6132ECF9495B}.Debug|Any CPU.Build.0 = Debug|Any CPU
		{C4DD95F0-EB58-4415-B02A-6132ECF9495B}.Release|Any CPU.ActiveCfg = Release|Any CPU
		{C4DD95F0-EB58-4415-B02A-6132ECF9495B}.Release|Any CPU.Build.0 = Release|Any CPU
	EndGlobalSection
	GlobalSection(SolutionProperties) = preSolution
		HideSolutionNode = FALSE
	EndGlobalSection
EndGlobal
